
Microsoft Visual Studio Solution File, Format Version 12.00
# Visual Studio Version 17
VisualStudioVersion = 17.14.36930.0 d17.14
MinimumVisualStudioVersion = 10.0.40219.1
Project("{FAE04EC0-301F-11D3-BF4B-00C04F79EFBC}") = "SchoolConnect", "SchoolConnect.csproj", "{3587FF1C-24E3-47EF-88D5-5EAD641BA37F}"
EndProject
Global
	GlobalSection(SolutionConfigurationPlatforms) = preSolution
		Debug|Any CPU = Debug|Any CPU
		Release|Any CPU = Release|Any CPU
	EndGlobalSection
	GlobalSection(ProjectConfigurationPlatforms) = postSolution
		{3587FF1C-24E3-47EF-88D5-5EAD641BA37F}.Debug|Any CPU.ActiveCfg = Debug|Any CPU
		{3587FF1C-24E3-47EF-88D5-5EAD641BA37F}.Debug|Any CPU.Build.0 = Debug|Any CPU
		{3587FF1C-24E3-47EF-88D5-5EAD641BA37F}.Release|Any CPU.ActiveCfg = Release|Any CPU
		{3587FF1C-24E3-47EF-88D5-5EAD641BA37F}.Release|Any CPU.Build.0 = Release|Any CPU
	EndGlobalSection
	GlobalSection(SolutionProperties) = preSolution
		HideSolutionNode = FALSE
	EndGlobalSection
	GlobalSection(ExtensibilityGlobals) = postSolution
		SolutionGuid = {35BE7D9D-E857-4C24-BE29-C297F5C3A3FB}
	EndGlobalSection
EndGlobal
